// !$*UTF8*$!
{
	archiveVersion = 1;
	classes = {
	};
	objectVersion = 46;
	objects = {

/* Begin PBXBuildFile section */
		FF9E115F193D05C300131D92 /* Foundation.framework in Frameworks */ = {isa = PBXBuildFile; fileRef = FF9E115E193D05C300131D92 /* Foundation.framework */; };
		FF9E1161193D05C300131D92 /* CoreGraphics.framework in Frameworks */ = {isa = PBXBuildFile; fileRef = FF9E1160193D05C300131D92 /* CoreGraphics.framework */; };
		FF9E1163193D05C300131D92 /* UIKit.framework in Frameworks */ = {isa = PBXBuildFile; fileRef = FF9E1162193D05C300131D92 /* UIKit.framework */; };
		FF9E1169193D05C300131D92 /* InfoPlist.strings in Resources */ = {isa = PBXBuildFile; fileRef = FF9E1167193D05C300131D92 /* InfoPlist.strings */; };
		FF9E116B193D05C300131D92 /* main.m in Sources */ = {isa = PBXBuildFile; fileRef = FF9E116A193D05C300131D92 /* main.m */; };
		FF9E116F193D05C300131D92 /* AppDelegate.m in Sources */ = {isa = PBXBuildFile; fileRef = FF9E116E193D05C300131D92 /* AppDelegate.m */; };
		FF9E1171193D05C300131D92 /* Images.xcassets in Resources */ = {isa = PBXBuildFile; fileRef = FF9E1170193D05C300131D92 /* Images.xcassets */; };
		FF9E1178193D05C300131D92 /* XCTest.framework in Frameworks */ = {isa = PBXBuildFile; fileRef = FF9E1177193D05C300131D92 /* XCTest.framework */; };
		FF9E1179193D05C300131D92 /* Foundation.framework in Frameworks */ = {isa = PBXBuildFile; fileRef = FF9E115E193D05C300131D92 /* Foundation.framework */; };
		FF9E117A193D05C300131D92 /* UIKit.framework in Frameworks */ = {isa = PBXBuildFile; fileRef = FF9E1162193D05C300131D92 /* UIKit.framework */; };
		FF9E1182193D05C300131D92 /* InfoPlist.strings in Resources */ = {isa = PBXBuildFile; fileRef = FF9E1180193D05C300131D92 /* InfoPlist.strings */; };
		FF9E1184193D05C300131D92 /* PhotoChatTests.m in Sources */ = {isa = PBXBuildFile; fileRef = FF9E1183193D05C300131D92 /* PhotoChatTests.m */; };
/* End PBXBuildFile section */

/* Begin PBXContainerItemProxy section */
		FF9E117B193D05C300131D92 /* PBXContainerItemProxy */ = {
			isa = PBXContainerItemProxy;
			containerPortal = FF9E1153193D05C300131D92 /* Project object */;
			proxyType = 1;
			remoteGlobalIDString = FF9E115A193D05C300131D92;
			remoteInfo = PhotoChat;
		};
/* End PBXContainerItemProxy section */

/* Begin PBXFileReference section */
		FF9E115B193D05C300131D92 /* PhotoChat.app */ = {isa = PBXFileReference; explicitFileType = wrapper.application; includeInIndex = 0; path = PhotoChat.app; sourceTree = BUILT_PRODUCTS_DIR; };
		FF9E115E193D05C300131D92 /* Foundation.framework */ = {isa = PBXFileReference; lastKnownFileType = wrapper.framework; name = Foundation.framework; path = System/Library/Frameworks/Foundation.framework; sourceTree = SDKROOT; };
		FF9E1160193D05C300131D92 /* CoreGraphics.framework */ = {isa = PBXFileReference; lastKnownFileType = wrapper.framework; name = CoreGraphics.framework; path = System/Library/Frameworks/CoreGraphics.framework; sourceTree = SDKROOT; };
		FF9E1162193D05C300131D92 /* UIKit.framework */ = {isa = PBXFileReference; lastKnownFileType = wrapper.framework; name = UIKit.framework; path = System/Library/Frameworks/UIKit.framework; sourceTree = SDKROOT; };
		FF9E1166193D05C300131D92 /* PhotoChat-Info.plist */ = {isa = PBXFileReference; lastKnownFileType = text.plist.xml; path = "PhotoChat-Info.plist"; sourceTree = "<group>"; };
		FF9E1168193D05C300131D92 /* en */ = {isa = PBXFileReference; lastKnownFileType = text.plist.strings; name = en; path = en.lproj/InfoPlist.strings; sourceTree = "<group>"; };
		FF9E116A193D05C300131D92 /* main.m */ = {isa = PBXFileReference; lastKnownFileType = sourcecode.c.objc; path = main.m; sourceTree = "<group>"; };
		FF9E116C193D05C300131D92 /* PhotoChat-Prefix.pch */ = {isa = PBXFileReference; lastKnownFileType = sourcecode.c.h; path = "PhotoChat-Prefix.pch"; sourceTree = "<group>"; };
		FF9E116D193D05C300131D92 /* AppDelegate.h */ = {isa = PBXFileReference; lastKnownFileType = sourcecode.c.h; path = AppDelegate.h; sourceTree = "<group>"; };
		FF9E116E193D05C300131D92 /* AppDelegate.m */ = {isa = PBXFileReference; lastKnownFileType = sourcecode.c.objc; path = AppDelegate.m; sourceTree = "<group>"; };
		FF9E1170193D05C300131D92 /* Images.xcassets */ = {isa = PBXFileReference; lastKnownFileType = folder.assetcatalog; path = Images.xcassets; sourceTree = "<group>"; };
		FF9E1176193D05C300131D92 /* PhotoChatTests.xctest */ = {isa = PBXFileReference; explicitFileType = wrapper.cfbundle; includeInIndex = 0; path = PhotoChatTests.xctest; sourceTree = BUILT_PRODUCTS_DIR; };
		FF9E1177193D05C300131D92 /* XCTest.framework */ = {isa = PBXFileReference; lastKnownFileType = wrapper.framework; name = XCTest.framework; path = Library/Frameworks/XCTest.framework; sourceTree = DEVELOPER_DIR; };
		FF9E117F193D05C300131D92 /* PhotoChatTests-Info.plist */ = {isa = PBXFileReference; lastKnownFileType = text.plist.xml; path = "PhotoChatTests-Info.plist"; sourceTree = "<group>"; };
		FF9E1181193D05C300131D92 /* en */ = {isa = PBXFileReference; lastKnownFileType = text.plist.strings; name = en; path = en.lproj/InfoPlist.strings; sourceTree = "<group>"; };
		FF9E1183193D05C300131D92 /* PhotoChatTests.m */ = {isa = PBXFileReference; lastKnownFileType = sourcecode.c.objc; path = PhotoChatTests.m; sourceTree = "<group>"; };
/* End PBXFileReference section */

/* Begin PBXFrameworksBuildPhase section */
		FF9E1158193D05C300131D92 /* Frameworks */ = {
			isa = PBXFrameworksBuildPhase;
			buildActionMask = 2147483647;
			files = (
				FF9E1161193D05C300131D92 /* CoreGraphics.framework in Frameworks */,
				FF9E1163193D05C300131D92 /* UIKit.framework in Frameworks */,
				FF9E115F193D05C300131D92 /* Foundation.framework in Frameworks */,
			);
			runOnlyForDeploymentPostprocessing = 0;
		};
		FF9E1173193D05C300131D92 /* Frameworks */ = {
			isa = PBXFrameworksBuildPhase;
			buildActionMask = 2147483647;
			files = (
				FF9E1178193D05C300131D92 /* XCTest.framework in Frameworks */,
				FF9E117A193D05C300131D92 /* UIKit.framework in Frameworks */,
				FF9E1179193D05C300131D92 /* Foundation.framework in Frameworks */,
			);
			runOnlyForDeploymentPostprocessing = 0;
		};
/* End PBXFrameworksBuildPhase section */

/* Begin PBXGroup section */
		FF9E1152193D05C300131D92 = {
			isa = PBXGroup;
			children = (
				FF9E1164193D05C300131D92 /* PhotoChat */,
				FF9E117D193D05C300131D92 /* PhotoChatTests */,
				FF9E115D193D05C300131D92 /* Frameworks */,
				FF9E115C193D05C300131D92 /* Products */,
			);
			sourceTree = "<group>";
		};
		FF9E115C193D05C300131D92 /* Products */ = {
			isa = PBXGroup;
			children = (
				FF9E115B193D05C300131D92 /* PhotoChat.app */,
				FF9E1176193D05C300131D92 /* PhotoChatTests.xctest */,
			);
			name = Products;
			sourceTree = "<group>";
		};
		FF9E115D193D05C300131D92 /* Frameworks */ = {
			isa = PBXGroup;
			children = (
				FF9E115E193D05C300131D92 /* Foundation.framework */,
				FF9E1160193D05C300131D92 /* CoreGraphics.framework */,
				FF9E1162193D05C300131D92 /* UIKit.framework */,
				FF9E1177193D05C300131D92 /* XCTest.framework */,
			);
			name = Frameworks;
			sourceTree = "<group>";
		};
		FF9E1164193D05C300131D92 /* PhotoChat */ = {
			isa = PBXGroup;
			children = (
				FF9E116D193D05C300131D92 /* AppDelegate.h */,
				FF9E116E193D05C300131D92 /* AppDelegate.m */,
				FF9E1170193D05C300131D92 /* Images.xcassets */,
				FF9E1165193D05C300131D92 /* Supporting Files */,
			);
			path = PhotoChat;
			sourceTree = "<group>";
		};
		FF9E1165193D05C300131D92 /* Supporting Files */ = {
			isa = PBXGroup;
			children = (
				FF9E1166193D05C300131D92 /* PhotoChat-Info.plist */,
				FF9E1167193D05C300131D92 /* InfoPlist.strings */,
				FF9E116A193D05C300131D92 /* main.m */,
				FF9E116C193D05C300131D92 /* PhotoChat-Prefix.pch */,
			);
			name = "Supporting Files";
			sourceTree = "<group>";
		};
		FF9E117D193D05C300131D92 /* PhotoChatTests */ = {
			isa = PBXGroup;
			children = (
				FF9E1183193D05C300131D92 /* PhotoChatTests.m */,
				FF9E117E193D05C300131D92 /* Supporting Files */,
			);
			path = PhotoChatTests;
			sourceTree = "<group>";
		};
		FF9E117E193D05C300131D92 /* Supporting Files */ = {
			isa = PBXGroup;
			children = (
				FF9E117F193D05C300131D92 /* PhotoChatTests-Info.plist */,
				FF9E1180193D05C300131D92 /* InfoPlist.strings */,
			);
			name = "Supporting Files";
			sourceTree = "<group>";
		};
/* End PBXGroup section */

/* Begin PBXNativeTarget section */
		FF9E115A193D05C300131D92 /* PhotoChat */ = {
			isa = PBXNativeTarget;
			buildConfigurationList = FF9E1187193D05C300131D92 /* Build configuration list for PBXNativeTarget "PhotoChat" */;
			buildPhases = (
				FF9E1157193D05C300131D92 /* Sources */,
				FF9E1158193D05C300131D92 /* Frameworks */,
				FF9E1159193D05C300131D92 /* Resources */,
			);
			buildRules = (
			);
			dependencies = (
			);
			name = PhotoChat;
			productName = PhotoChat;
			productReference = FF9E115B193D05C300131D92 /* PhotoChat.app */;
			productType = "com.apple.product-type.application";
		};
		FF9E1175193D05C300131D92 /* PhotoChatTests */ = {
			isa = PBXNativeTarget;
			buildConfigurationList = FF9E118A193D05C300131D92 /* Build configuration list for PBXNativeTarget "PhotoChatTests" */;
			buildPhases = (
				FF9E1172193D05C300131D92 /* Sources */,
				FF9E1173193D05C300131D92 /* Frameworks */,
				FF9E1174193D05C300131D92 /* Resources */,
			);
			buildRules = (
			);
			dependencies = (
				FF9E117C193D05C300131D92 /* PBXTargetDependency */,
			);
			name = PhotoChatTests;
			productName = PhotoChatTests;
			productReference = FF9E1176193D05C300131D92 /* PhotoChatTests.xctest */;
			productType = "com.apple.product-type.bundle.unit-test";
		};
/* End PBXNativeTarget section */

/* Begin PBXProject section */
		FF9E1153193D05C300131D92 /* Project object */ = {
			isa = PBXProject;
			attributes = {
				LastUpgradeCheck = 0500;
				ORGANIZATIONNAME = "Dawson Walker";
				TargetAttributes = {
					FF9E1175193D05C300131D92 = {
						TestTargetID = FF9E115A193D05C300131D92;
					};
				};
			};
			buildConfigurationList = FF9E1156193D05C300131D92 /* Build configuration list for PBXProject "PhotoChat" */;
			compatibilityVersion = "Xcode 3.2";
			developmentRegion = English;
			hasScannedForEncodings = 0;
			knownRegions = (
				en,
			);
			mainGroup = FF9E1152193D05C300131D92;
			productRefGroup = FF9E115C193D05C300131D92 /* Products */;
			projectDirPath = "";
			projectRoot = "";
			targets = (
				FF9E115A193D05C300131D92 /* PhotoChat */,
				FF9E1175193D05C300131D92 /* PhotoChatTests */,
			);
		};
/* End PBXProject section */

/* Begin PBXResourcesBuildPhase section */
		FF9E1159193D05C300131D92 /* Resources */ = {
			isa = PBXResourcesBuildPhase;
			buildActionMask = 2147483647;
			files = (
				FF9E1169193D05C300131D92 /* InfoPlist.strings in Resources */,
				FF9E1171193D05C300131D92 /* Images.xcassets in Resources */,
			);
			runOnlyForDeploymentPostprocessing = 0;
		};
		FF9E1174193D05C300131D92 /* Resources */ = {
			isa = PBXResourcesBuildPhase;
			buildActionMask = 2147483647;
			files = (
				FF9E1182193D05C300131D92 /* InfoPlist.strings in Resources */,
			);
			runOnlyForDeploymentPostprocessing = 0;
		};
/* End PBXResourcesBuildPhase section */

/* Begin PBXSourcesBuildPhase section */
		FF9E1157193D05C300131D92 /* Sources */ = {
			isa = PBXSourcesBuildPhase;
			buildActionMask = 2147483647;
			files = (
				FF9E116F193D05C300131D92 /* AppDelegate.m in Sources */,
				FF9E116B193D05C300131D92 /* main.m in Sources */,
			);
			runOnlyForDeploymentPostprocessing = 0;
		};
		FF9E1172193D05C300131D92 /* Sources */ = {
			isa = PBXSourcesBuildPhase;
			buildActionMask = 2147483647;
			files = (
				FF9E1184193D05C300131D92 /* PhotoChatTests.m in Sources */,
			);
			runOnlyForDeploymentPostprocessing = 0;
		};
/* End PBXSourcesBuildPhase section */

/* Begin PBXTargetDependency section */
		FF9E117C193D05C300131D92 /* PBXTargetDependency */ = {
			isa = PBXTargetDependency;
			target = FF9E115A193D05C300131D92 /* PhotoChat */;
			targetProxy = FF9E117B193D05C300131D92 /* PBXContainerItemProxy */;
		};
/* End PBXTargetDependency section */

/* Begin PBXVariantGroup section */
		FF9E1167193D05C300131D92 /* InfoPlist.strings */ = {
			isa = PBXVariantGroup;
			children = (
				FF9E1168193D05C300131D92 /* en */,
			);
			name = InfoPlist.strings;
			sourceTree = "<group>";
		};
		FF9E1180193D05C300131D92 /* InfoPlist.strings */ = {
			isa = PBXVariantGroup;
			children = (
				FF9E1181193D05C300131D92 /* en */,
			);
			name = InfoPlist.strings;
			sourceTree = "<group>";
		};
/* End PBXVariantGroup section */

/* Begin XCBuildConfiguration section */
		FF9E1185193D05C300131D92 /* Debug */ = {
			isa = XCBuildConfiguration;
			buildSettings = {
				ALWAYS_SEARCH_USER_PATHS = NO;
				ARCHS = "$(ARCHS_STANDARD_INCLUDING_64_BIT)";
				CLANG_CXX_LANGUAGE_STANDARD = "gnu++0x";
				CLANG_CXX_LIBRARY = "libc++";
				CLANG_ENABLE_MODULES = YES;
				CLANG_ENABLE_OBJC_ARC = YES;
				CLANG_WARN_BOOL_CONVERSION = YES;
				CLANG_WARN_CONSTANT_CONVERSION = YES;
				CLANG_WARN_DIRECT_OBJC_ISA_USAGE = YES_ERROR;
				CLANG_WARN_EMPTY_BODY = YES;
				CLANG_WARN_ENUM_CONVERSION = YES;
				CLANG_WARN_INT_CONVERSION = YES;
				CLANG_WARN_OBJC_ROOT_CLASS = YES_ERROR;
				CLANG_WARN__DUPLICATE_METHOD_MATCH = YES;
				"CODE_SIGN_IDENTITY[sdk=iphoneos*]" = "iPhone Developer";
				COPY_PHASE_STRIP = NO;
				GCC_C_LANGUAGE_STANDARD = gnu99;
				GCC_DYNAMIC_NO_PIC = NO;
				GCC_OPTIMIZATION_LEVEL = 0;
				GCC_PREPROCESSOR_DEFINITIONS = (
					"DEBUG=1",
					"$(inherited)",
				);
				GCC_SYMBOLS_PRIVATE_EXTERN = NO;
				GCC_WARN_64_TO_32_BIT_CONVERSION = YES;
				GCC_WARN_ABOUT_RETURN_TYPE = YES_ERROR;
				GCC_WARN_UNDECLARED_SELECTOR = YES;
				GCC_WARN_UNINITIALIZED_AUTOS = YES;
				GCC_WARN_UNUSED_FUNCTION = YES;
				GCC_WARN_UNUSED_VARIABLE = YES;
				IPHONEOS_DEPLOYMENT_TARGET = 7.0;
				ONLY_ACTIVE_ARCH = YES;
				SDKROOT = iphoneos;
			};
			name = Debug;
		};
		FF9E1186193D05C300131D92 /* Release */ = {
			isa = XCBuildConfiguration;
			buildSettings = {
				ALWAYS_SEARCH_USER_PATHS = NO;
				ARCHS = "$(ARCHS_STANDARD_INCLUDING_64_BIT)";
				CLANG_CXX_LANGUAGE_STANDARD = "gnu++0x";
				CLANG_CXX_LIBRARY = "libc++";
				CLANG_ENABLE_MODULES = YES;
				CLANG_ENABLE_OBJC_ARC = YES;
				CLANG_WARN_BOOL_CONVERSION = YES;
				CLANG_WARN_CONSTANT_CONVERSION = YES;
				CLANG_WARN_DIRECT_OBJC_ISA_USAGE = YES_ERROR;
				CLANG_WARN_EMPTY_BODY = YES;
				CLANG_WARN_ENUM_CONVERSION = YES;
				CLANG_WARN_INT_CONVERSION = YES;
				CLANG_WARN_OBJC_ROOT_CLASS = YES_ERROR;
				CLANG_WARN__DUPLICATE_METHOD_MATCH = YES;
				"CODE_SIGN_IDENTITY[sdk=iphoneos*]" = "iPhone Developer";
				COPY_PHASE_STRIP = YES;
				ENABLE_NS_ASSERTIONS = NO;
				GCC_C_LANGUAGE_STANDARD = gnu99;
				GCC_WARN_64_TO_32_BIT_CONVERSION = YES;
				GCC_WARN_ABOUT_RETURN_TYPE = YES_ERROR;
				GCC_WARN_UNDECLARED_SELECTOR = YES;
				GCC_WARN_UNINITIALIZED_AUTOS = YES;
				GCC_WARN_UNUSED_FUNCTION = YES;
				GCC_WARN_UNUSED_VARIABLE = YES;
				IPHONEOS_DEPLOYMENT_TARGET = 7.0;
				SDKROOT = iphoneos;
				VALIDATE_PRODUCT = YES;
			};
			name = Release;
		};
		FF9E1188193D05C300131D92 /* Debug */ = {
			isa = XCBuildConfiguration;
			buildSettings = {
				ASSETCATALOG_COMPILER_APPICON_NAME = AppIcon;
				ASSETCATALOG_COMPILER_LAUNCHIMAGE_NAME = LaunchImage;
				GCC_PRECOMPILE_PREFIX_HEADER = YES;
				GCC_PREFIX_HEADER = "PhotoChat/PhotoChat-Prefix.pch";
				INFOPLIST_FILE = "PhotoChat/PhotoChat-Info.plist";
				PRODUCT_NAME = "$(TARGET_NAME)";
				WRAPPER_EXTENSION = app;
			};
			name = Debug;
		};
		FF9E1189193D05C300131D92 /* Release */ = {
			isa = XCBuildConfiguration;
			buildSettings = {
				ASSETCATALOG_COMPILER_APPICON_NAME = AppIcon;
				ASSETCATALOG_COMPILER_LAUNCHIMAGE_NAME = LaunchImage;
				GCC_PRECOMPILE_PREFIX_HEADER = YES;
				GCC_PREFIX_HEADER = "PhotoChat/PhotoChat-Prefix.pch";
				INFOPLIST_FILE = "PhotoChat/PhotoChat-Info.plist";
				PRODUCT_NAME = "$(TARGET_NAME)";
				WRAPPER_EXTENSION = app;
			};
			name = Release;
		};
		FF9E118B193D05C300131D92 /* Debug */ = {
			isa = XCBuildConfiguration;
			buildSettings = {
				ARCHS = "$(ARCHS_STANDARD_INCLUDING_64_BIT)";
				BUNDLE_LOADER = "$(BUILT_PRODUCTS_DIR)/PhotoChat.app/PhotoChat";
				FRAMEWORK_SEARCH_PATHS = (
					"$(SDKROOT)/Developer/Library/Frameworks",
					"$(inherited)",
					"$(DEVELOPER_FRAMEWORKS_DIR)",
				);
				GCC_PRECOMPILE_PREFIX_HEADER = YES;
				GCC_PREFIX_HEADER = "PhotoChat/PhotoChat-Prefix.pch";
				GCC_PREPROCESSOR_DEFINITIONS = (
					"DEBUG=1",
					"$(inherited)",
				);
				INFOPLIST_FILE = "PhotoChatTests/PhotoChatTests-Info.plist";
				PRODUCT_NAME = "$(TARGET_NAME)";
				TEST_HOST = "$(BUNDLE_LOADER)";
				WRAPPER_EXTENSION = xctest;
			};
			name = Debug;
		};
		FF9E118C193D05C300131D92 /* Release */ = {
			isa = XCBuildConfiguration;
			buildSettings = {
				ARCHS = "$(ARCHS_STANDARD_INCLUDING_64_BIT)";
				BUNDLE_LOADER = "$(BUILT_PRODUCTS_DIR)/PhotoChat.app/PhotoChat";
				FRAMEWORK_SEARCH_PATHS = (
					"$(SDKROOT)/Developer/Library/Frameworks",
					"$(inherited)",
					"$(DEVELOPER_FRAMEWORKS_DIR)",
				);
				GCC_PRECOMPILE_PREFIX_HEADER = YES;
				GCC_PREFIX_HEADER = "PhotoChat/PhotoChat-Prefix.pch";
				INFOPLIST_FILE = "PhotoChatTests/PhotoChatTests-Info.plist";
				PRODUCT_NAME = "$(TARGET_NAME)";
				TEST_HOST = "$(BUNDLE_LOADER)";
				WRAPPER_EXTENSION = xctest;
			};
			name = Release;
		};
/* End XCBuildConfiguration section */

/* Begin XCConfigurationList section */
		FF9E1156193D05C300131D92 /* Build configuration list for PBXProject "PhotoChat" */ = {
			isa = XCConfigurationList;
			buildConfigurations = (
				FF9E1185193D05C300131D92 /* Debug */,
				FF9E1186193D05C300131D92 /* Release */,
			);
			defaultConfigurationIsVisible = 0;
			defaultConfigurationName = Release;
		};
		FF9E1187193D05C300131D92 /* Build configuration list for PBXNativeTarget "PhotoChat" */ = {
			isa = XCConfigurationList;
			buildConfigurations = (
				FF9E1188193D05C300131D92 /* Debug */,
				FF9E1189193D05C300131D92 /* Release */,
			);
			defaultConfigurationIsVisible = 0;
		};
		FF9E118A193D05C300131D92 /* Build configuration list for PBXNativeTarget "PhotoChatTests" */ = {
			isa = XCConfigurationList;
			buildConfigurations = (
				FF9E118B193D05C300131D92 /* Debug */,
				FF9E118C193D05C300131D92 /* Release */,
			);
			defaultConfigurationIsVisible = 0;
		};
/* End XCConfigurationList section */
	};
	rootObject = FF9E1153193D05C300131D92 /* Project object */;
}
